
Microsoft Visual Studio Solution File, Format Version 11.00
# Visual Studio 2010
Project("{FAE04EC0-301F-11D3-BF4B-00C04F79EFBC}") = "RepairsClient", "RepairsClient\RepairsClient.csproj", "{90F59B0F-6756-4CDC-8CA3-CA9AEDC80D6A}"
EndProject
Project("{FAE04EC0-301F-11D3-BF4B-00C04F79EFBC}") = "RepairsClientDal", "RepairsClientDal\RepairsClientDal.csproj", "{FC494D69-1573-42B2-8A9A-FF19FFF9AB75}"
EndProject
Project("{FAE04EC0-301F-11D3-BF4B-00C04F79EFBC}") = "RepairsClientBll", "RepairsClientBll\RepairsClientBll.csproj", "{08C0F813-3FEC-4B47-B058-509F59A1BBC0}"
EndProject
Project("{FAE04EC0-301F-11D3-BF4B-00C04F79EFBC}") = "RepairsClientModel", "RepairsClientModel\RepairsClientModel.csproj", "{B72DED19-2347-495F-BB6B-B77E2168CD61}"
EndProject
Project("{2150E333-8FDC-42A3-9474-1A3956D46DE8}") = "FristManager", "FristManager", "{B0504D6D-6E82-4C1D-A163-3D514C768148}"
EndProject
Project("{2150E333-8FDC-42A3-9474-1A3956D46DE8}") = "RepairsClient", "RepairsClient", "{5AC8F661-49BC-432F-B5C4-E506B5A8525C}"
EndProject
Project("{FAE04EC0-301F-11D3-BF4B-00C04F79EFBC}") = "FristManager", "FristManager\FristManager.csproj", "{DC1429AA-161A-4184-90D7-1EC40762891B}"
EndProject
Project("{FAE04EC0-301F-11D3-BF4B-00C04F79EFBC}") = "FristManagerDal", "FristManagerDal\FristManagerDal.csproj", "{F45035EF-F257-4A50-B884-5D92C4D4B113}"
EndProject
Project("{FAE04EC0-301F-11D3-BF4B-00C04F79EFBC}") = "FristManagerBll", "FristManagerBll\FristManagerBll.csproj", "{7EFED1BF-EA75-4E1B-89E3-03579320EDEA}"
EndProject
Project("{FAE04EC0-301F-11D3-BF4B-00C04F79EFBC}") = "FristManagerModel", "FristmanagerModel\FristManagerModel.csproj", "{451096D8-4B29-4BD5-82BA-0C815A249E0F}"
EndProject
Global
	GlobalSection(SolutionConfigurationPlatforms) = preSolution
		Debug|Any CPU = Debug|Any CPU
		Release|Any CPU = Release|Any CPU
	EndGlobalSection
	GlobalSection(ProjectConfigurationPlatforms) = postSolution
		{90F59B0F-6756-4CDC-8CA3-CA9AEDC80D6A}.Debug|Any CPU.ActiveCfg = Debug|Any CPU
		{90F59B0F-6756-4CDC-8CA3-CA9AEDC80D6A}.Debug|Any CPU.Build.0 = Debug|Any CPU
		{90F59B0F-6756-4CDC-8CA3-CA9AEDC80D6A}.Release|Any CPU.ActiveCfg = Release|Any CPU
		{90F59B0F-6756-4CDC-8CA3-CA9AEDC80D6A}.Release|Any CPU.Build.0 = Release|Any CPU
		{FC494D69-1573-42B2-8A9A-FF19FFF9AB75}.Debug|Any CPU.ActiveCfg = Debug|Any CPU
		{FC494D69-1573-42B2-8A9A-FF19FFF9AB75}.Debug|Any CPU.Build.0 = Debug|Any CPU
		{FC494D69-1573-42B2-8A9A-FF19FFF9AB75}.Release|Any CPU.ActiveCfg = Release|Any CPU
		{FC494D69-1573-42B2-8A9A-FF19FFF9AB75}.Release|Any CPU.Build.0 = Release|Any CPU
		{08C0F813-3FEC-4B47-B058-509F59A1BBC0}.Debug|Any CPU.ActiveCfg = Debug|Any CPU
		{08C0F813-3FEC-4B47-B058-509F59A1BBC0}.Debug|Any CPU.Build.0 = Debug|Any CPU
		{08C0F813-3FEC-4B47-B058-509F59A1BBC0}.Release|Any CPU.ActiveCfg = Release|Any CPU
		{08C0F813-3FEC-4B47-B058-509F59A1BBC0}.Release|Any CPU.Build.0 = Release|Any CPU
		{B72DED19-2347-495F-BB6B-B77E2168CD61}.Debug|Any CPU.ActiveCfg = Debug|Any CPU
		{B72DED19-2347-495F-BB6B-B77E2168CD61}.Debug|Any CPU.Build.0 = Debug|Any CPU
		{B72DED19-2347-495F-BB6B-B77E2168CD61}.Release|Any CPU.ActiveCfg = Release|Any CPU
		{B72DED19-2347-495F-BB6B-B77E2168CD61}.Release|Any CPU.Build.0 = Release|Any CPU
		{DC1429AA-161A-4184-90D7-1EC40762891B}.Debug|Any CPU.ActiveCfg = Debug|Any CPU
		{DC1429AA-161A-4184-90D7-1EC40762891B}.Debug|Any CPU.Build.0 = Debug|Any CPU
		{DC1429AA-161A-4184-90D7-1EC40762891B}.Release|Any CPU.ActiveCfg = Release|Any CPU
		{DC1429AA-161A-4184-90D7-1EC40762891B}.Release|Any CPU.Build.0 = Release|Any CPU
		{F45035EF-F257-4A50-B884-5D92C4D4B113}.Debug|Any CPU.ActiveCfg = Debug|Any CPU
		{F45035EF-F257-4A50-B884-5D92C4D4B113}.Debug|Any CPU.Build.0 = Debug|Any CPU
		{F45035EF-F257-4A50-B884-5D92C4D4B113}.Release|Any CPU.ActiveCfg = Release|Any CPU
		{F45035EF-F257-4A50-B884-5D92C4D4B113}.Release|Any CPU.Build.0 = Release|Any CPU
		{7EFED1BF-EA75-4E1B-89E3-03579320EDEA}.Debug|Any CPU.ActiveCfg = Debug|Any CPU
		{7EFED1BF-EA75-4E1B-89E3-03579320EDEA}.Debug|Any CPU.Build.0 = Debug|Any CPU
		{7EFED1BF-EA75-4E1B-89E3-03579320EDEA}.Release|Any CPU.ActiveCfg = Release|Any CPU
		{7EFED1BF-EA75-4E1B-89E3-03579320EDEA}.Release|Any CPU.Build.0 = Release|Any CPU
		{451096D8-4B29-4BD5-82BA-0C815A249E0F}.Debug|Any CPU.ActiveCfg = Debug|Any CPU
		{451096D8-4B29-4BD5-82BA-0C815A249E0F}.Debug|Any CPU.Build.0 = Debug|Any CPU
		{451096D8-4B29-4BD5-82BA-0C815A249E0F}.Release|Any CPU.ActiveCfg = Release|Any CPU
		{451096D8-4B29-4BD5-82BA-0C815A249E0F}.Release|Any CPU.Build.0 = Release|Any CPU
	EndGlobalSection
	GlobalSection(SolutionProperties) = preSolution
		HideSolutionNode = FALSE
	EndGlobalSection
	GlobalSection(NestedProjects) = preSolution
		{DC1429AA-161A-4184-90D7-1EC40762891B} = {B0504D6D-6E82-4C1D-A163-3D514C768148}
		{F45035EF-F257-4A50-B884-5D92C4D4B113} = {B0504D6D-6E82-4C1D-A163-3D514C768148}
		{7EFED1BF-EA75-4E1B-89E3-03579320EDEA} = {B0504D6D-6E82-4C1D-A163-3D514C768148}
		{451096D8-4B29-4BD5-82BA-0C815A249E0F} = {B0504D6D-6E82-4C1D-A163-3D514C768148}
		{90F59B0F-6756-4CDC-8CA3-CA9AEDC80D6A} = {5AC8F661-49BC-432F-B5C4-E506B5A8525C}
		{08C0F813-3FEC-4B47-B058-509F59A1BBC0} = {5AC8F661-49BC-432F-B5C4-E506B5A8525C}
		{FC494D69-1573-42B2-8A9A-FF19FFF9AB75} = {5AC8F661-49BC-432F-B5C4-E506B5A8525C}
		{B72DED19-2347-495F-BB6B-B77E2168CD61} = {5AC8F661-49BC-432F-B5C4-E506B5A8525C}
	EndGlobalSection
EndGlobal
